
Microsoft Visual Studio Solution File, Format Version 12.00
# Visual Studio Version 16
VisualStudioVersion = 16.0.31205.134
MinimumVisualStudioVersion = 10.0.40219.1
Project("{9A19103F-16F7-4668-BE54-9A1E7A4F7556}") = "DatabaseConnectedLibraryApp", "DatabaseConnectedLibraryApp\DatabaseConnectedLibraryApp.csproj", "{F90AAF1E-805E-446F-AB28-DA41E49C6174}"
EndProject
Project("{FAE04EC0-301F-11D3-BF4B-00C04F79EFBC}") = "EmptyTemplatesReadyToUse.Migration", "EmptyTemplatesReadyToUse.Migration\EmptyTemplatesReadyToUse.Migration.csproj", "{D5BE20E8-41CF-42E9-A5D9-822C0DE80C2B}"
EndProject
Global
	GlobalSection(SolutionConfigurationPlatforms) = preSolution
		Debug|Any CPU = Debug|Any CPU
		Release|Any CPU = Release|Any CPU
	EndGlobalSection
	GlobalSection(ProjectConfigurationPlatforms) = postSolution
		{F90AAF1E-805E-446F-AB28-DA41E49C6174}.Debug|Any CPU.ActiveCfg = Debug|Any CPU
		{F90AAF1E-805E-446F-AB28-DA41E49C6174}.Debug|Any CPU.Build.0 = Debug|Any CPU
		{F90AAF1E-805E-446F-AB28-DA41E49C6174}.Release|Any CPU.ActiveCfg = Release|Any CPU
		{F90AAF1E-805E-446F-AB28-DA41E49C6174}.Release|Any CPU.Build.0 = Release|Any CPU
		{D5BE20E8-41CF-42E9-A5D9-822C0DE80C2B}.Debug|Any CPU.ActiveCfg = Debug|Any CPU
		{D5BE20E8-41CF-42E9-A5D9-822C0DE80C2B}.Debug|Any CPU.Build.0 = Debug|Any CPU
		{D5BE20E8-41CF-42E9-A5D9-822C0DE80C2B}.Release|Any CPU.ActiveCfg = Release|Any CPU
		{D5BE20E8-41CF-42E9-A5D9-822C0DE80C2B}.Release|Any CPU.Build.0 = Release|Any CPU
	EndGlobalSection
	GlobalSection(SolutionProperties) = preSolution
		HideSolutionNode = FALSE
	EndGlobalSection
	GlobalSection(ExtensibilityGlobals) = postSolution
		SolutionGuid = {25A3DF38-0A29-4C4B-8257-C7E4E35ED502}
	EndGlobalSection
EndGlobal
